
Microsoft Visual Studio Solution File, Format Version 12.00
# Visual Studio Version 17
VisualStudioVersion = 17.7.34031.279
MinimumVisualStudioVersion = 10.0.40219.1
Project("{FAE04EC0-301F-11D3-BF4B-00C04F79EFBC}") = "Presentacion", "Presentacion\Presentacion.csproj", "{5F070B46-94C0-4A91-A3BD-E33F2287FB4C}"
EndProject
Project("{FAE04EC0-301F-11D3-BF4B-00C04F79EFBC}") = "Entidades", "Entidades\Entidades.csproj", "{B2AD9C23-EF9C-46B3-B5F0-FCFD830CAB99}"
EndProject
Project("{FAE04EC0-301F-11D3-BF4B-00C04F79EFBC}") = "Datos", "Datos\Datos.csproj", "{DACCAFD3-2C2F-4164-AE4E-DC501684190B}"
EndProject
Project("{FAE04EC0-301F-11D3-BF4B-00C04F79EFBC}") = "Logica", "Logica\Logica.csproj", "{F3F91EBF-F79F-4356-B757-AD62D5CA38FB}"
EndProject
Project("{FAE04EC0-301F-11D3-BF4B-00C04F79EFBC}") = "Prueba", "Prueba\Prueba.csproj", "{6DDDDC9C-C757-4388-9F9B-E3B5C67BA542}"
EndProject
Global
	GlobalSection(SolutionConfigurationPlatforms) = preSolution
		Debug|Any CPU = Debug|Any CPU
		Release|Any CPU = Release|Any CPU
	EndGlobalSection
	GlobalSection(ProjectConfigurationPlatforms) = postSolution
		{5F070B46-94C0-4A91-A3BD-E33F2287FB4C}.Debug|Any CPU.ActiveCfg = Debug|Any CPU
		{5F070B46-94C0-4A91-A3BD-E33F2287FB4C}.Debug|Any CPU.Build.0 = Debug|Any CPU
		{5F070B46-94C0-4A91-A3BD-E33F2287FB4C}.Release|Any CPU.ActiveCfg = Release|Any CPU
		{5F070B46-94C0-4A91-A3BD-E33F2287FB4C}.Release|Any CPU.Build.0 = Release|Any CPU
		{B2AD9C23-EF9C-46B3-B5F0-FCFD830CAB99}.Debug|Any CPU.ActiveCfg = Debug|Any CPU
		{B2AD9C23-EF9C-46B3-B5F0-FCFD830CAB99}.Debug|Any CPU.Build.0 = Debug|Any CPU
		{B2AD9C23-EF9C-46B3-B5F0-FCFD830CAB99}.Release|Any CPU.ActiveCfg = Release|Any CPU
		{B2AD9C23-EF9C-46B3-B5F0-FCFD830CAB99}.Release|Any CPU.Build.0 = Release|Any CPU
		{DACCAFD3-2C2F-4164-AE4E-DC501684190B}.Debug|Any CPU.ActiveCfg = Debug|Any CPU
		{DACCAFD3-2C2F-4164-AE4E-DC501684190B}.Debug|Any CPU.Build.0 = Debug|Any CPU
		{DACCAFD3-2C2F-4164-AE4E-DC501684190B}.Release|Any CPU.ActiveCfg = Release|Any CPU
		{DACCAFD3-2C2F-4164-AE4E-DC501684190B}.Release|Any CPU.Build.0 = Release|Any CPU
		{F3F91EBF-F79F-4356-B757-AD62D5CA38FB}.Debug|Any CPU.ActiveCfg = Debug|Any CPU
		{F3F91EBF-F79F-4356-B757-AD62D5CA38FB}.Debug|Any CPU.Build.0 = Debug|Any CPU
		{F3F91EBF-F79F-4356-B757-AD62D5CA38FB}.Release|Any CPU.ActiveCfg = Release|Any CPU
		{F3F91EBF-F79F-4356-B757-AD62D5CA38FB}.Release|Any CPU.Build.0 = Release|Any CPU
		{6DDDDC9C-C757-4388-9F9B-E3B5C67BA542}.Debug|Any CPU.ActiveCfg = Debug|Any CPU
		{6DDDDC9C-C757-4388-9F9B-E3B5C67BA542}.Debug|Any CPU.Build.0 = Debug|Any CPU
		{6DDDDC9C-C757-4388-9F9B-E3B5C67BA542}.Release|Any CPU.ActiveCfg = Release|Any CPU
		{6DDDDC9C-C757-4388-9F9B-E3B5C67BA542}.Release|Any CPU.Build.0 = Release|Any CPU
	EndGlobalSection
	GlobalSection(SolutionProperties) = preSolution
		HideSolutionNode = FALSE
	EndGlobalSection
	GlobalSection(ExtensibilityGlobals) = postSolution
		SolutionGuid = {45C4DCF3-5711-4892-866C-2CDAA6BEDC4C}
	EndGlobalSection
EndGlobal
